
Microsoft Visual Studio Solution File, Format Version 12.00
# Visual Studio Version 17
VisualStudioVersion = 17.11.35219.272
MinimumVisualStudioVersion = 10.0.40219.1
Project("{888888A0-9F3D-457C-B088-3A5042F75D52}") = "19.05", "19.05.pyproj", "{7D031B19-6B66-40BF-A4D1-55EE5C20628E}"
EndProject
Global
	GlobalSection(SolutionConfigurationPlatforms) = preSolution
		Debug|Any CPU = Debug|Any CPU
		Release|Any CPU = Release|Any CPU
	EndGlobalSection
	GlobalSection(ProjectConfigurationPlatforms) = postSolution
		{7D031B19-6B66-40BF-A4D1-55EE5C20628E}.Debug|Any CPU.ActiveCfg = Debug|Any CPU
		{7D031B19-6B66-40BF-A4D1-55EE5C20628E}.Release|Any CPU.ActiveCfg = Release|Any CPU
	EndGlobalSection
	GlobalSection(SolutionProperties) = preSolution
		HideSolutionNode = FALSE
	EndGlobalSection
	GlobalSection(ExtensibilityGlobals) = postSolution
		SolutionGuid = {1C73C479-D1CD-4EC3-A529-C7BE6299C173}
	EndGlobalSection
EndGlobal
